
Microsoft Visual Studio Solution File, Format Version 12.00
# Visual Studio Version 17
VisualStudioVersion = 17.5.33627.172
MinimumVisualStudioVersion = 10.0.40219.1
Project("{FAE04EC0-301F-11D3-BF4B-00C04F79EFBC}") = "trabalho_emerson", "trabalho_emerson.csproj", "{66A01596-81EF-48CE-9435-A5C025F9ADFA}"
EndProject
Global
	GlobalSection(SolutionConfigurationPlatforms) = preSolution
		Debug|Any CPU = Debug|Any CPU
		Release|Any CPU = Release|Any CPU
	EndGlobalSection
	GlobalSection(ProjectConfigurationPlatforms) = postSolution
		{66A01596-81EF-48CE-9435-A5C025F9ADFA}.Debug|Any CPU.ActiveCfg = Debug|Any CPU
		{66A01596-81EF-48CE-9435-A5C025F9ADFA}.Debug|Any CPU.Build.0 = Debug|Any CPU
		{66A01596-81EF-48CE-9435-A5C025F9ADFA}.Release|Any CPU.ActiveCfg = Release|Any CPU
		{66A01596-81EF-48CE-9435-A5C025F9ADFA}.Release|Any CPU.Build.0 = Release|Any CPU
	EndGlobalSection
	GlobalSection(SolutionProperties) = preSolution
		HideSolutionNode = FALSE
	EndGlobalSection
	GlobalSection(ExtensibilityGlobals) = postSolution
		SolutionGuid = {286A8700-277B-40A4-BEC0-9BF3F7CF45F5}
	EndGlobalSection
EndGlobal
